// !$*UTF8*$!
{
	archiveVersion = 1;
	classes = {
	};
	objectVersion = 50;
	objects = {

/* Begin PBXBuildFile section */
		9C92A970215493B4001762A9 /* AppDelegate.swift in Sources */ = {isa = PBXBuildFile; fileRef = 9C92A96F215493B4001762A9 /* AppDelegate.swift */; };
		9C92A972215493B4001762A9 /* ViewController.swift in Sources */ = {isa = PBXBuildFile; fileRef = 9C92A971215493B4001762A9 /* ViewController.swift */; };
		9C92A975215493B4001762A9 /* Main.storyboard in Resources */ = {isa = PBXBuildFile; fileRef = 9C92A973215493B4001762A9 /* Main.storyboard */; };
		9C92A978215493B4001762A9 /* MTNavigationBarView.xcdatamodeld in Sources */ = {isa = PBXBuildFile; fileRef = 9C92A976215493B4001762A9 /* MTNavigationBarView.xcdatamodeld */; };
		9C92A97A215493B4001762A9 /* Assets.xcassets in Resources */ = {isa = PBXBuildFile; fileRef = 9C92A979215493B4001762A9 /* Assets.xcassets */; };
		9C92A97D215493B4001762A9 /* LaunchScreen.storyboard in Resources */ = {isa = PBXBuildFile; fileRef = 9C92A97B215493B4001762A9 /* LaunchScreen.storyboard */; };
		9C92A988215493B4001762A9 /* MTNavigationBarViewTests.swift in Sources */ = {isa = PBXBuildFile; fileRef = 9C92A987215493B4001762A9 /* MTNavigationBarViewTests.swift */; };
		9C92A993215493B4001762A9 /* MTNavigationBarViewUITests.swift in Sources */ = {isa = PBXBuildFile; fileRef = 9C92A992215493B4001762A9 /* MTNavigationBarViewUITests.swift */; };
/* End PBXBuildFile section */

/* Begin PBXContainerItemProxy section */
		9C92A984215493B4001762A9 /* PBXContainerItemProxy */ = {
			isa = PBXContainerItemProxy;
			containerPortal = 9C92A964215493B3001762A9 /* Project object */;
			proxyType = 1;
			remoteGlobalIDString = 9C92A96B215493B4001762A9;
			remoteInfo = MTNavigationBarView;
		};
		9C92A98F215493B4001762A9 /* PBXContainerItemProxy */ = {
			isa = PBXContainerItemProxy;
			containerPortal = 9C92A964215493B3001762A9 /* Project object */;
			proxyType = 1;
			remoteGlobalIDString = 9C92A96B215493B4001762A9;
			remoteInfo = MTNavigationBarView;
		};
/* End PBXContainerItemProxy section */

/* Begin PBXFileReference section */
		9C92A96C215493B4001762A9 /* MTNavigationBarView.app */ = {isa = PBXFileReference; explicitFileType = wrapper.application; includeInIndex = 0; path = MTNavigationBarView.app; sourceTree = BUILT_PRODUCTS_DIR; };
		9C92A96F215493B4001762A9 /* AppDelegate.swift */ = {isa = PBXFileReference; lastKnownFileType = sourcecode.swift; path = AppDelegate.swift; sourceTree = "<group>"; };
		9C92A971215493B4001762A9 /* ViewController.swift */ = {isa = PBXFileReference; lastKnownFileType = sourcecode.swift; path = ViewController.swift; sourceTree = "<group>"; };
		9C92A974215493B4001762A9 /* Base */ = {isa = PBXFileReference; lastKnownFileType = file.storyboard; name = Base; path = Base.lproj/Main.storyboard; sourceTree = "<group>"; };
		9C92A977215493B4001762A9 /* MTNavigationBarView.xcdatamodel */ = {isa = PBXFileReference; lastKnownFileType = wrapper.xcdatamodel; path = MTNavigationBarView.xcdatamodel; sourceTree = "<group>"; };
		9C92A979215493B4001762A9 /* Assets.xcassets */ = {isa = PBXFileReference; lastKnownFileType = folder.assetcatalog; path = Assets.xcassets; sourceTree = "<group>"; };
		9C92A97C215493B4001762A9 /* Base */ = {isa = PBXFileReference; lastKnownFileType = file.storyboard; name = Base; path = Base.lproj/LaunchScreen.storyboard; sourceTree = "<group>"; };
		9C92A97E215493B4001762A9 /* Info.plist */ = {isa = PBXFileReference; lastKnownFileType = text.plist.xml; path = Info.plist; sourceTree = "<group>"; };
		9C92A983215493B4001762A9 /* MTNavigationBarViewTests.xctest */ = {isa = PBXFileReference; explicitFileType = wrapper.cfbundle; includeInIndex = 0; path = MTNavigationBarViewTests.xctest; sourceTree = BUILT_PRODUCTS_DIR; };
		9C92A987215493B4001762A9 /* MTNavigationBarViewTests.swift */ = {isa = PBXFileReference; lastKnownFileType = sourcecode.swift; path = MTNavigationBarViewTests.swift; sourceTree = "<group>"; };
		9C92A989215493B4001762A9 /* Info.plist */ = {isa = PBXFileReference; lastKnownFileType = text.plist.xml; path = Info.plist; sourceTree = "<group>"; };
		9C92A98E215493B4001762A9 /* MTNavigationBarViewUITests.xctest */ = {isa = PBXFileReference; explicitFileType = wrapper.cfbundle; includeInIndex = 0; path = MTNavigationBarViewUITests.xctest; sourceTree = BUILT_PRODUCTS_DIR; };
		9C92A992215493B4001762A9 /* MTNavigationBarViewUITests.swift */ = {isa = PBXFileReference; lastKnownFileType = sourcecode.swift; path = MTNavigationBarViewUITests.swift; sourceTree = "<group>"; };
		9C92A994215493B4001762A9 /* Info.plist */ = {isa = PBXFileReference; lastKnownFileType = text.plist.xml; path = Info.plist; sourceTree = "<group>"; };
/* End PBXFileReference section */

/* Begin PBXFrameworksBuildPhase section */
		9C92A969215493B4001762A9 /* Frameworks */ = {
			isa = PBXFrameworksBuildPhase;
			buildActionMask = 2147483647;
			files = (
			);
			runOnlyForDeploymentPostprocessing = 0;
		};
		9C92A980215493B4001762A9 /* Frameworks */ = {
			isa = PBXFrameworksBuildPhase;
			buildActionMask = 2147483647;
			files = (
			);
			runOnlyForDeploymentPostprocessing = 0;
		};
		9C92A98B215493B4001762A9 /* Frameworks */ = {
			isa = PBXFrameworksBuildPhase;
			buildActionMask = 2147483647;
			files = (
			);
			runOnlyForDeploymentPostprocessing = 0;
		};
/* End PBXFrameworksBuildPhase section */

/* Begin PBXGroup section */
		9C92A963215493B3001762A9 = {
			isa = PBXGroup;
			children = (
				9C92A96E215493B4001762A9 /* MTNavigationBarView */,
				9C92A986215493B4001762A9 /* MTNavigationBarViewTests */,
				9C92A991215493B4001762A9 /* MTNavigationBarViewUITests */,
				9C92A96D215493B4001762A9 /* Products */,
			);
			sourceTree = "<group>";
		};
		9C92A96D215493B4001762A9 /* Products */ = {
			isa = PBXGroup;
			children = (
				9C92A96C215493B4001762A9 /* MTNavigationBarView.app */,
				9C92A983215493B4001762A9 /* MTNavigationBarViewTests.xctest */,
				9C92A98E215493B4001762A9 /* MTNavigationBarViewUITests.xctest */,
			);
			name = Products;
			sourceTree = "<group>";
		};
		9C92A96E215493B4001762A9 /* MTNavigationBarView */ = {
			isa = PBXGroup;
			children = (
				9C92A96F215493B4001762A9 /* AppDelegate.swift */,
				9C92A971215493B4001762A9 /* ViewController.swift */,
				9C92A973215493B4001762A9 /* Main.storyboard */,
				9C92A979215493B4001762A9 /* Assets.xcassets */,
				9C92A97B215493B4001762A9 /* LaunchScreen.storyboard */,
				9C92A97E215493B4001762A9 /* Info.plist */,
				9C92A976215493B4001762A9 /* MTNavigationBarView.xcdatamodeld */,
			);
			path = MTNavigationBarView;
			sourceTree = "<group>";
		};
		9C92A986215493B4001762A9 /* MTNavigationBarViewTests */ = {
			isa = PBXGroup;
			children = (
				9C92A987215493B4001762A9 /* MTNavigationBarViewTests.swift */,
				9C92A989215493B4001762A9 /* Info.plist */,
			);
			path = MTNavigationBarViewTests;
			sourceTree = "<group>";
		};
		9C92A991215493B4001762A9 /* MTNavigationBarViewUITests */ = {
			isa = PBXGroup;
			children = (
				9C92A992215493B4001762A9 /* MTNavigationBarViewUITests.swift */,
				9C92A994215493B4001762A9 /* Info.plist */,
			);
			path = MTNavigationBarViewUITests;
			sourceTree = "<group>";
		};
/* End PBXGroup section */

/* Begin PBXNativeTarget section */
		9C92A96B215493B4001762A9 /* MTNavigationBarView */ = {
			isa = PBXNativeTarget;
			buildConfigurationList = 9C92A997215493B4001762A9 /* Build configuration list for PBXNativeTarget "MTNavigationBarView" */;
			buildPhases = (
				9C92A968215493B4001762A9 /* Sources */,
				9C92A969215493B4001762A9 /* Frameworks */,
				9C92A96A215493B4001762A9 /* Resources */,
			);
			buildRules = (
			);
			dependencies = (
			);
			name = MTNavigationBarView;
			productName = MTNavigationBarView;
			productReference = 9C92A96C215493B4001762A9 /* MTNavigationBarView.app */;
			productType = "com.apple.product-type.application";
		};
		9C92A982215493B4001762A9 /* MTNavigationBarViewTests */ = {
			isa = PBXNativeTarget;
			buildConfigurationList = 9C92A99A215493B4001762A9 /* Build configuration list for PBXNativeTarget "MTNavigationBarViewTests" */;
			buildPhases = (
				9C92A97F215493B4001762A9 /* Sources */,
				9C92A980215493B4001762A9 /* Frameworks */,
				9C92A981215493B4001762A9 /* Resources */,
			);
			buildRules = (
			);
			dependencies = (
				9C92A985215493B4001762A9 /* PBXTargetDependency */,
			);
			name = MTNavigationBarViewTests;
			productName = MTNavigationBarViewTests;
			productReference = 9C92A983215493B4001762A9 /* MTNavigationBarViewTests.xctest */;
			productType = "com.apple.product-type.bundle.unit-test";
		};
		9C92A98D215493B4001762A9 /* MTNavigationBarViewUITests */ = {
			isa = PBXNativeTarget;
			buildConfigurationList = 9C92A99D215493B4001762A9 /* Build configuration list for PBXNativeTarget "MTNavigationBarViewUITests" */;
			buildPhases = (
				9C92A98A215493B4001762A9 /* Sources */,
				9C92A98B215493B4001762A9 /* Frameworks */,
				9C92A98C215493B4001762A9 /* Resources */,
			);
			buildRules = (
			);
			dependencies = (
				9C92A990215493B4001762A9 /* PBXTargetDependency */,
			);
			name = MTNavigationBarViewUITests;
			productName = MTNavigationBarViewUITests;
			productReference = 9C92A98E215493B4001762A9 /* MTNavigationBarViewUITests.xctest */;
			productType = "com.apple.product-type.bundle.ui-testing";
		};
/* End PBXNativeTarget section */

/* Begin PBXProject section */
		9C92A964215493B3001762A9 /* Project object */ = {
			isa = PBXProject;
			attributes = {
				LastSwiftUpdateCheck = 0940;
				LastUpgradeCheck = 0940;
				ORGANIZATIONNAME = pham.minh.tien;
				TargetAttributes = {
					9C92A96B215493B4001762A9 = {
						CreatedOnToolsVersion = 9.4.1;
					};
					9C92A982215493B4001762A9 = {
						CreatedOnToolsVersion = 9.4.1;
						TestTargetID = 9C92A96B215493B4001762A9;
					};
					9C92A98D215493B4001762A9 = {
						CreatedOnToolsVersion = 9.4.1;
						TestTargetID = 9C92A96B215493B4001762A9;
					};
				};
			};
			buildConfigurationList = 9C92A967215493B3001762A9 /* Build configuration list for PBXProject "MTNavigationBarView" */;
			compatibilityVersion = "Xcode 9.3";
			developmentRegion = en;
			hasScannedForEncodings = 0;
			knownRegions = (
				en,
				Base,
			);
			mainGroup = 9C92A963215493B3001762A9;
			productRefGroup = 9C92A96D215493B4001762A9 /* Products */;
			projectDirPath = "";
			projectRoot = "";
			targets = (
				9C92A96B215493B4001762A9 /* MTNavigationBarView */,
				9C92A982215493B4001762A9 /* MTNavigationBarViewTests */,
				9C92A98D215493B4001762A9 /* MTNavigationBarViewUITests */,
			);
		};
/* End PBXProject section */

/* Begin PBXResourcesBuildPhase section */
		9C92A96A215493B4001762A9 /* Resources */ = {
			isa = PBXResourcesBuildPhase;
			buildActionMask = 2147483647;
			files = (
				9C92A97D215493B4001762A9 /* LaunchScreen.storyboard in Resources */,
				9C92A97A215493B4001762A9 /* Assets.xcassets in Resources */,
				9C92A975215493B4001762A9 /* Main.storyboard in Resources */,
			);
			runOnlyForDeploymentPostprocessing = 0;
		};
		9C92A981215493B4001762A9 /* Resources */ = {
			isa = PBXResourcesBuildPhase;
			buildActionMask = 2147483647;
			files = (
			);
			runOnlyForDeploymentPostprocessing = 0;
		};
		9C92A98C215493B4001762A9 /* Resources */ = {
			isa = PBXResourcesBuildPhase;
			buildActionMask = 2147483647;
			files = (
			);
			runOnlyForDeploymentPostprocessing = 0;
		};
/* End PBXResourcesBuildPhase section */

/* Begin PBXSourcesBuildPhase section */
		9C92A968215493B4001762A9 /* Sources */ = {
			isa = PBXSourcesBuildPhase;
			buildActionMask = 2147483647;
			files = (
				9C92A978215493B4001762A9 /* MTNavigationBarView.xcdatamodeld in Sources */,
				9C92A972215493B4001762A9 /* ViewController.swift in Sources */,
				9C92A970215493B4001762A9 /* AppDelegate.swift in Sources */,
			);
			runOnlyForDeploymentPostprocessing = 0;
		};
		9C92A97F215493B4001762A9 /* Sources */ = {
			isa = PBXSourcesBuildPhase;
			buildActionMask = 2147483647;
			files = (
				9C92A988215493B4001762A9 /* MTNavigationBarViewTests.swift in Sources */,
			);
			runOnlyForDeploymentPostprocessing = 0;
		};
		9C92A98A215493B4001762A9 /* Sources */ = {
			isa = PBXSourcesBuildPhase;
			buildActionMask = 2147483647;
			files = (
				9C92A993215493B4001762A9 /* MTNavigationBarViewUITests.swift in Sources */,
			);
			runOnlyForDeploymentPostprocessing = 0;
		};
/* End PBXSourcesBuildPhase section */

/* Begin PBXTargetDependency section */
		9C92A985215493B4001762A9 /* PBXTargetDependency */ = {
			isa = PBXTargetDependency;
			target = 9C92A96B215493B4001762A9 /* MTNavigationBarView */;
			targetProxy = 9C92A984215493B4001762A9 /* PBXContainerItemProxy */;
		};
		9C92A990215493B4001762A9 /* PBXTargetDependency */ = {
			isa = PBXTargetDependency;
			target = 9C92A96B215493B4001762A9 /* MTNavigationBarView */;
			targetProxy = 9C92A98F215493B4001762A9 /* PBXContainerItemProxy */;
		};
/* End PBXTargetDependency section */

/* Begin PBXVariantGroup section */
		9C92A973215493B4001762A9 /* Main.storyboard */ = {
			isa = PBXVariantGroup;
			children = (
				9C92A974215493B4001762A9 /* Base */,
			);
			name = Main.storyboard;
			sourceTree = "<group>";
		};
		9C92A97B215493B4001762A9 /* LaunchScreen.storyboard */ = {
			isa = PBXVariantGroup;
			children = (
				9C92A97C215493B4001762A9 /* Base */,
			);
			name = LaunchScreen.storyboard;
			sourceTree = "<group>";
		};
/* End PBXVariantGroup section */

/* Begin XCBuildConfiguration section */
		9C92A995215493B4001762A9 /* Debug */ = {
			isa = XCBuildConfiguration;
			buildSettings = {
				ALWAYS_SEARCH_USER_PATHS = NO;
				CLANG_ANALYZER_NONNULL = YES;
				CLANG_ANALYZER_NUMBER_OBJECT_CONVERSION = YES_AGGRESSIVE;
				CLANG_CXX_LANGUAGE_STANDARD = "gnu++14";
				CLANG_CXX_LIBRARY = "libc++";
				CLANG_ENABLE_MODULES = YES;
				CLANG_ENABLE_OBJC_ARC = YES;
				CLANG_ENABLE_OBJC_WEAK = YES;
				CLANG_WARN_BLOCK_CAPTURE_AUTORELEASING = YES;
				CLANG_WARN_BOOL_CONVERSION = YES;
				CLANG_WARN_COMMA = YES;
				CLANG_WARN_CONSTANT_CONVERSION = YES;
				CLANG_WARN_DEPRECATED_OBJC_IMPLEMENTATIONS = YES;
				CLANG_WARN_DIRECT_OBJC_ISA_USAGE = YES_ERROR;
				CLANG_WARN_DOCUMENTATION_COMMENTS = YES;
				CLANG_WARN_EMPTY_BODY = YES;
				CLANG_WARN_ENUM_CONVERSION = YES;
				CLANG_WARN_INFINITE_RECURSION = YES;
				CLANG_WARN_INT_CONVERSION = YES;
				CLANG_WARN_NON_LITERAL_NULL_CONVERSION = YES;
				CLANG_WARN_OBJC_IMPLICIT_RETAIN_SELF = YES;
				CLANG_WARN_OBJC_LITERAL_CONVERSION = YES;
				CLANG_WARN_OBJC_ROOT_CLASS = YES_ERROR;
				CLANG_WARN_RANGE_LOOP_ANALYSIS = YES;
				CLANG_WARN_STRICT_PROTOTYPES = YES;
				CLANG_WARN_SUSPICIOUS_MOVE = YES;
				CLANG_WARN_UNGUARDED_AVAILABILITY = YES_AGGRESSIVE;
				CLANG_WARN_UNREACHABLE_CODE = YES;
				CLANG_WARN__DUPLICATE_METHOD_MATCH = YES;
				CODE_SIGN_IDENTITY = "iPhone Developer";
				COPY_PHASE_STRIP = NO;
				DEBUG_INFORMATION_FORMAT = dwarf;
				ENABLE_STRICT_OBJC_MSGSEND = YES;
				ENABLE_TESTABILITY = YES;
				GCC_C_LANGUAGE_STANDARD = gnu11;
				GCC_DYNAMIC_NO_PIC = NO;
				GCC_NO_COMMON_BLOCKS = YES;
				GCC_OPTIMIZATION_LEVEL = 0;
				GCC_PREPROCESSOR_DEFINITIONS = (
					"DEBUG=1",
					"$(inherited)",
				);
				GCC_WARN_64_TO_32_BIT_CONVERSION = YES;
				GCC_WARN_ABOUT_RETURN_TYPE = YES_ERROR;
				GCC_WARN_UNDECLARED_SELECTOR = YES;
				GCC_WARN_UNINITIALIZED_AUTOS = YES_AGGRESSIVE;
				GCC_WARN_UNUSED_FUNCTION = YES;
				GCC_WARN_UNUSED_VARIABLE = YES;
				IPHONEOS_DEPLOYMENT_TARGET = 11.4;
				MTL_ENABLE_DEBUG_INFO = YES;
				ONLY_ACTIVE_ARCH = YES;
				SDKROOT = iphoneos;
				SWIFT_ACTIVE_COMPILATION_CONDITIONS = DEBUG;
				SWIFT_OPTIMIZATION_LEVEL = "-Onone";
			};
			name = Debug;
		};
		9C92A996215493B4001762A9 /* Release */ = {
			isa = XCBuildConfiguration;
			buildSettings = {
				ALWAYS_SEARCH_USER_PATHS = NO;
				CLANG_ANALYZER_NONNULL = YES;
				CLANG_ANALYZER_NUMBER_OBJECT_CONVERSION = YES_AGGRESSIVE;
				CLANG_CXX_LANGUAGE_STANDARD = "gnu++14";
				CLANG_CXX_LIBRARY = "libc++";
				CLANG_ENABLE_MODULES = YES;
				CLANG_ENABLE_OBJC_ARC = YES;
				CLANG_ENABLE_OBJC_WEAK = YES;
				CLANG_WARN_BLOCK_CAPTURE_AUTORELEASING = YES;
				CLANG_WARN_BOOL_CONVERSION = YES;
				CLANG_WARN_COMMA = YES;
				CLANG_WARN_CONSTANT_CONVERSION = YES;
				CLANG_WARN_DEPRECATED_OBJC_IMPLEMENTATIONS = YES;
				CLANG_WARN_DIRECT_OBJC_ISA_USAGE = YES_ERROR;
				CLANG_WARN_DOCUMENTATION_COMMENTS = YES;
				CLANG_WARN_EMPTY_BODY = YES;
				CLANG_WARN_ENUM_CONVERSION = YES;
				CLANG_WARN_INFINITE_RECURSION = YES;
				CLANG_WARN_INT_CONVERSION = YES;
				CLANG_WARN_NON_LITERAL_NULL_CONVERSION = YES;
				CLANG_WARN_OBJC_IMPLICIT_RETAIN_SELF = YES;
				CLANG_WARN_OBJC_LITERAL_CONVERSION = YES;
				CLANG_WARN_OBJC_ROOT_CLASS = YES_ERROR;
				CLANG_WARN_RANGE_LOOP_ANALYSIS = YES;
				CLANG_WARN_STRICT_PROTOTYPES = YES;
				CLANG_WARN_SUSPICIOUS_MOVE = YES;
				CLANG_WARN_UNGUARDED_AVAILABILITY = YES_AGGRESSIVE;
				CLANG_WARN_UNREACHABLE_CODE = YES;
				CLANG_WARN__DUPLICATE_METHOD_MATCH = YES;
				CODE_SIGN_IDENTITY = "iPhone Developer";
				COPY_PHASE_STRIP = NO;
				DEBUG_INFORMATION_FORMAT = "dwarf-with-dsym";
				ENABLE_NS_ASSERTIONS = NO;
				ENABLE_STRICT_OBJC_MSGSEND = YES;
				GCC_C_LANGUAGE_STANDARD = gnu11;
				GCC_NO_COMMON_BLOCKS = YES;
				GCC_WARN_64_TO_32_BIT_CONVERSION = YES;
				GCC_WARN_ABOUT_RETURN_TYPE = YES_ERROR;
				GCC_WARN_UNDECLARED_SELECTOR = YES;
				GCC_WARN_UNINITIALIZED_AUTOS = YES_AGGRESSIVE;
				GCC_WARN_UNUSED_FUNCTION = YES;
				GCC_WARN_UNUSED_VARIABLE = YES;
				IPHONEOS_DEPLOYMENT_TARGET = 11.4;
				MTL_ENABLE_DEBUG_INFO = NO;
				SDKROOT = iphoneos;
				SWIFT_COMPILATION_MODE = wholemodule;
				SWIFT_OPTIMIZATION_LEVEL = "-O";
				VALIDATE_PRODUCT = YES;
			};
			name = Release;
		};
		9C92A998215493B4001762A9 /* Debug */ = {
			isa = XCBuildConfiguration;
			buildSettings = {
				ASSETCATALOG_COMPILER_APPICON_NAME = AppIcon;
				CODE_SIGN_STYLE = Automatic;
				INFOPLIST_FILE = MTNavigationBarView/Info.plist;
				LD_RUNPATH_SEARCH_PATHS = (
					"$(inherited)",
					"@executable_path/Frameworks",
				);
				PRODUCT_BUNDLE_IDENTIFIER = MTLAB.MTNavigationBarView;
				PRODUCT_NAME = "$(TARGET_NAME)";
				SWIFT_VERSION = 4.0;
				TARGETED_DEVICE_FAMILY = "1,2";
			};
			name = Debug;
		};
		9C92A999215493B4001762A9 /* Release */ = {
			isa = XCBuildConfiguration;
			buildSettings = {
				ASSETCATALOG_COMPILER_APPICON_NAME = AppIcon;
				CODE_SIGN_STYLE = Automatic;
				INFOPLIST_FILE = MTNavigationBarView/Info.plist;
				LD_RUNPATH_SEARCH_PATHS = (
					"$(inherited)",
					"@executable_path/Frameworks",
				);
				PRODUCT_BUNDLE_IDENTIFIER = MTLAB.MTNavigationBarView;
				PRODUCT_NAME = "$(TARGET_NAME)";
				SWIFT_VERSION = 4.0;
				TARGETED_DEVICE_FAMILY = "1,2";
			};
			name = Release;
		};
		9C92A99B215493B4001762A9 /* Debug */ = {
			isa = XCBuildConfiguration;
			buildSettings = {
				ALWAYS_EMBED_SWIFT_STANDARD_LIBRARIES = YES;
				BUNDLE_LOADER = "$(TEST_HOST)";
				CODE_SIGN_STYLE = Automatic;
				INFOPLIST_FILE = MTNavigationBarViewTests/Info.plist;
				LD_RUNPATH_SEARCH_PATHS = (
					"$(inherited)",
					"@executable_path/Frameworks",
					"@loader_path/Frameworks",
				);
				PRODUCT_BUNDLE_IDENTIFIER = MTLAB.MTNavigationBarViewTests;
				PRODUCT_NAME = "$(TARGET_NAME)";
				SWIFT_VERSION = 4.0;
				TARGETED_DEVICE_FAMILY = "1,2";
				TEST_HOST = "$(BUILT_PRODUCTS_DIR)/MTNavigationBarView.app/MTNavigationBarView";
			};
			name = Debug;
		};
		9C92A99C215493B4001762A9 /* Release */ = {
			isa = XCBuildConfiguration;
			buildSettings = {
				ALWAYS_EMBED_SWIFT_STANDARD_LIBRARIES = YES;
				BUNDLE_LOADER = "$(TEST_HOST)";
				CODE_SIGN_STYLE = Automatic;
				INFOPLIST_FILE = MTNavigationBarViewTests/Info.plist;
				LD_RUNPATH_SEARCH_PATHS = (
					"$(inherited)",
					"@executable_path/Frameworks",
					"@loader_path/Frameworks",
				);
				PRODUCT_BUNDLE_IDENTIFIER = MTLAB.MTNavigationBarViewTests;
				PRODUCT_NAME = "$(TARGET_NAME)";
				SWIFT_VERSION = 4.0;
				TARGETED_DEVICE_FAMILY = "1,2";
				TEST_HOST = "$(BUILT_PRODUCTS_DIR)/MTNavigationBarView.app/MTNavigationBarView";
			};
			name = Release;
		};
		9C92A99E215493B4001762A9 /* Debug */ = {
			isa = XCBuildConfiguration;
			buildSettings = {
				ALWAYS_EMBED_SWIFT_STANDARD_LIBRARIES = YES;
				CODE_SIGN_STYLE = Automatic;
				INFOPLIST_FILE = MTNavigationBarViewUITests/Info.plist;
				LD_RUNPATH_SEARCH_PATHS = (
					"$(inherited)",
					"@executable_path/Frameworks",
					"@loader_path/Frameworks",
				);
				PRODUCT_BUNDLE_IDENTIFIER = MTLAB.MTNavigationBarViewUITests;
				PRODUCT_NAME = "$(TARGET_NAME)";
				SWIFT_VERSION = 4.0;
				TARGETED_DEVICE_FAMILY = "1,2";
				TEST_TARGET_NAME = MTNavigationBarView;
			};
			name = Debug;
		};
		9C92A99F215493B4001762A9 /* Release */ = {
			isa = XCBuildConfiguration;
			buildSettings = {
				ALWAYS_EMBED_SWIFT_STANDARD_LIBRARIES = YES;
				CODE_SIGN_STYLE = Automatic;
				INFOPLIST_FILE = MTNavigationBarViewUITests/Info.plist;
				LD_RUNPATH_SEARCH_PATHS = (
					"$(inherited)",
					"@executable_path/Frameworks",
					"@loader_path/Frameworks",
				);
				PRODUCT_BUNDLE_IDENTIFIER = MTLAB.MTNavigationBarViewUITests;
				PRODUCT_NAME = "$(TARGET_NAME)";
				SWIFT_VERSION = 4.0;
				TARGETED_DEVICE_FAMILY = "1,2";
				TEST_TARGET_NAME = MTNavigationBarView;
			};
			name = Release;
		};
/* End XCBuildConfiguration section */

/* Begin XCConfigurationList section */
		9C92A967215493B3001762A9 /* Build configuration list for PBXProject "MTNavigationBarView" */ = {
			isa = XCConfigurationList;
			buildConfigurations = (
				9C92A995215493B4001762A9 /* Debug */,
				9C92A996215493B4001762A9 /* Release */,
			);
			defaultConfigurationIsVisible = 0;
			defaultConfigurationName = Release;
		};
		9C92A997215493B4001762A9 /* Build configuration list for PBXNativeTarget "MTNavigationBarView" */ = {
			isa = XCConfigurationList;
			buildConfigurations = (
				9C92A998215493B4001762A9 /* Debug */,
				9C92A999215493B4001762A9 /* Release */,
			);
			defaultConfigurationIsVisible = 0;
			defaultConfigurationName = Release;
		};
		9C92A99A215493B4001762A9 /* Build configuration list for PBXNativeTarget "MTNavigationBarViewTests" */ = {
			isa = XCConfigurationList;
			buildConfigurations = (
				9C92A99B215493B4001762A9 /* Debug */,
				9C92A99C215493B4001762A9 /* Release */,
			);
			defaultConfigurationIsVisible = 0;
			defaultConfigurationName = Release;
		};
		9C92A99D215493B4001762A9 /* Build configuration list for PBXNativeTarget "MTNavigationBarViewUITests" */ = {
			isa = XCConfigurationList;
			buildConfigurations = (
				9C92A99E215493B4001762A9 /* Debug */,
				9C92A99F215493B4001762A9 /* Release */,
			);
			defaultConfigurationIsVisible = 0;
			defaultConfigurationName = Release;
		};
/* End XCConfigurationList section */

/* Begin XCVersionGroup section */
		9C92A976215493B4001762A9 /* MTNavigationBarView.xcdatamodeld */ = {
			isa = XCVersionGroup;
			children = (
				9C92A977215493B4001762A9 /* MTNavigationBarView.xcdatamodel */,
			);
			currentVersion = 9C92A977215493B4001762A9 /* MTNavigationBarView.xcdatamodel */;
			path = MTNavigationBarView.xcdatamodeld;
			sourceTree = "<group>";
			versionGroupType = wrapper.xcdatamodel;
		};
/* End XCVersionGroup section */
	};
	rootObject = 9C92A964215493B3001762A9 /* Project object */;
}
